
Microsoft Visual Studio Solution File, Format Version 12.00
# Visual Studio Version 16
VisualStudioVersion = 16.0.31205.134
MinimumVisualStudioVersion = 10.0.40219.1
Project("{FAE04EC0-301F-11D3-BF4B-00C04F79EFBC}") = "FirstCode", "FirstCode\FirstCode.csproj", "{F6549C86-7D84-489F-959B-51B34A7703F0}"
EndProject
Project("{FAE04EC0-301F-11D3-BF4B-00C04F79EFBC}") = "Advanced", "Advanced\Advanced.csproj", "{85BB6B09-0F07-40C8-B9C6-8629CE39A24D}"
EndProject
Project("{FAE04EC0-301F-11D3-BF4B-00C04F79EFBC}") = "Lambda", "Lambda\Lambda.csproj", "{F7A82A3B-DA9C-44D4-B9DE-5EDC0CAA449C}"
EndProject
Project("{FAE04EC0-301F-11D3-BF4B-00C04F79EFBC}") = "Delegaty", "Delegaty\Delegaty.csproj", "{0ABCB46D-B064-4C7E-9B65-8671E3790C28}"
EndProject
Project("{FAE04EC0-301F-11D3-BF4B-00C04F79EFBC}") = "Events", "Events\Events.csproj", "{72E4F1A8-782E-4249-A299-2B5DC3602539}"
EndProject
Project("{FAE04EC0-301F-11D3-BF4B-00C04F79EFBC}") = "Func, Action", "Func, Action\Func, Action.csproj", "{2D39F52C-8491-4035-BCB3-E9125A8528F6}"
EndProject
Project("{FAE04EC0-301F-11D3-BF4B-00C04F79EFBC}") = "Dynamic", "Dynamic\Dynamic.csproj", "{CA674366-AEA8-4A9F-8551-F593CA1B2802}"
EndProject
Project("{FAE04EC0-301F-11D3-BF4B-00C04F79EFBC}") = "IEnumerable", "IEnumerable\IEnumerable.csproj", "{0F226EAA-CB6E-4F17-A9DE-FFAA49C1A8C3}"
EndProject
Project("{FAE04EC0-301F-11D3-BF4B-00C04F79EFBC}") = "Interfejsy", "Interfejsy\Interfejsy.csproj", "{4870800D-CDF5-48FC-8CC6-01E93C15B780}"
EndProject
Project("{FAE04EC0-301F-11D3-BF4B-00C04F79EFBC}") = "KlasyAbstrakcyjne", "KlasyAbstrakcyjne\KlasyAbstrakcyjne.csproj", "{1B734F34-7537-4C41-A4B7-B767FBBAAED2}"
EndProject
Project("{FAE04EC0-301F-11D3-BF4B-00C04F79EFBC}") = "Tuple", "Touples\Tuple.csproj", "{B13823F1-8D01-4DC3-97A3-238B9E972168}"
EndProject
Project("{FAE04EC0-301F-11D3-BF4B-00C04F79EFBC}") = "ExtensionMethods", "ExtensionMethods\ExtensionMethods.csproj", "{652EDCFE-43C6-427B-90F2-E87965851A4B}"
EndProject
Project("{FAE04EC0-301F-11D3-BF4B-00C04F79EFBC}") = "WartosciVsReferencje", "WartosciVsReferencje\WartosciVsReferencje.csproj", "{3C85F5C9-670D-4568-9A5A-B8FDE98F8A75}"
EndProject
Project("{FAE04EC0-301F-11D3-BF4B-00C04F79EFBC}") = "KolejkiStosy", "KolejkiStosy\KolejkiStosy.csproj", "{AA5E2FA0-52F9-4525-A83B-05C0F06BE9BB}"
EndProject
Project("{FAE04EC0-301F-11D3-BF4B-00C04F79EFBC}") = "Slownik", "Slownik\Slownik.csproj", "{D23C47C0-09E5-4FC3-AEB9-78D7A351EDFE}"
EndProject
Global
	GlobalSection(SolutionConfigurationPlatforms) = preSolution
		Debug|Any CPU = Debug|Any CPU
		Release|Any CPU = Release|Any CPU
	EndGlobalSection
	GlobalSection(ProjectConfigurationPlatforms) = postSolution
		{F6549C86-7D84-489F-959B-51B34A7703F0}.Debug|Any CPU.ActiveCfg = Debug|Any CPU
		{F6549C86-7D84-489F-959B-51B34A7703F0}.Debug|Any CPU.Build.0 = Debug|Any CPU
		{F6549C86-7D84-489F-959B-51B34A7703F0}.Release|Any CPU.ActiveCfg = Release|Any CPU
		{F6549C86-7D84-489F-959B-51B34A7703F0}.Release|Any CPU.Build.0 = Release|Any CPU
		{85BB6B09-0F07-40C8-B9C6-8629CE39A24D}.Debug|Any CPU.ActiveCfg = Debug|Any CPU
		{85BB6B09-0F07-40C8-B9C6-8629CE39A24D}.Debug|Any CPU.Build.0 = Debug|Any CPU
		{85BB6B09-0F07-40C8-B9C6-8629CE39A24D}.Release|Any CPU.ActiveCfg = Release|Any CPU
		{85BB6B09-0F07-40C8-B9C6-8629CE39A24D}.Release|Any CPU.Build.0 = Release|Any CPU
		{F7A82A3B-DA9C-44D4-B9DE-5EDC0CAA449C}.Debug|Any CPU.ActiveCfg = Debug|Any CPU
		{F7A82A3B-DA9C-44D4-B9DE-5EDC0CAA449C}.Debug|Any CPU.Build.0 = Debug|Any CPU
		{F7A82A3B-DA9C-44D4-B9DE-5EDC0CAA449C}.Release|Any CPU.ActiveCfg = Release|Any CPU
		{F7A82A3B-DA9C-44D4-B9DE-5EDC0CAA449C}.Release|Any CPU.Build.0 = Release|Any CPU
		{0ABCB46D-B064-4C7E-9B65-8671E3790C28}.Debug|Any CPU.ActiveCfg = Debug|Any CPU
		{0ABCB46D-B064-4C7E-9B65-8671E3790C28}.Debug|Any CPU.Build.0 = Debug|Any CPU
		{0ABCB46D-B064-4C7E-9B65-8671E3790C28}.Release|Any CPU.ActiveCfg = Release|Any CPU
		{0ABCB46D-B064-4C7E-9B65-8671E3790C28}.Release|Any CPU.Build.0 = Release|Any CPU
		{72E4F1A8-782E-4249-A299-2B5DC3602539}.Debug|Any CPU.ActiveCfg = Debug|Any CPU
		{72E4F1A8-782E-4249-A299-2B5DC3602539}.Debug|Any CPU.Build.0 = Debug|Any CPU
		{72E4F1A8-782E-4249-A299-2B5DC3602539}.Release|Any CPU.ActiveCfg = Release|Any CPU
		{72E4F1A8-782E-4249-A299-2B5DC3602539}.Release|Any CPU.Build.0 = Release|Any CPU
		{2D39F52C-8491-4035-BCB3-E9125A8528F6}.Debug|Any CPU.ActiveCfg = Debug|Any CPU
		{2D39F52C-8491-4035-BCB3-E9125A8528F6}.Debug|Any CPU.Build.0 = Debug|Any CPU
		{2D39F52C-8491-4035-BCB3-E9125A8528F6}.Release|Any CPU.ActiveCfg = Release|Any CPU
		{2D39F52C-8491-4035-BCB3-E9125A8528F6}.Release|Any CPU.Build.0 = Release|Any CPU
		{CA674366-AEA8-4A9F-8551-F593CA1B2802}.Debug|Any CPU.ActiveCfg = Debug|Any CPU
		{CA674366-AEA8-4A9F-8551-F593CA1B2802}.Debug|Any CPU.Build.0 = Debug|Any CPU
		{CA674366-AEA8-4A9F-8551-F593CA1B2802}.Release|Any CPU.ActiveCfg = Release|Any CPU
		{CA674366-AEA8-4A9F-8551-F593CA1B2802}.Release|Any CPU.Build.0 = Release|Any CPU
		{0F226EAA-CB6E-4F17-A9DE-FFAA49C1A8C3}.Debug|Any CPU.ActiveCfg = Debug|Any CPU
		{0F226EAA-CB6E-4F17-A9DE-FFAA49C1A8C3}.Debug|Any CPU.Build.0 = Debug|Any CPU
		{0F226EAA-CB6E-4F17-A9DE-FFAA49C1A8C3}.Release|Any CPU.ActiveCfg = Release|Any CPU
		{0F226EAA-CB6E-4F17-A9DE-FFAA49C1A8C3}.Release|Any CPU.Build.0 = Release|Any CPU
		{4870800D-CDF5-48FC-8CC6-01E93C15B780}.Debug|Any CPU.ActiveCfg = Debug|Any CPU
		{4870800D-CDF5-48FC-8CC6-01E93C15B780}.Debug|Any CPU.Build.0 = Debug|Any CPU
		{4870800D-CDF5-48FC-8CC6-01E93C15B780}.Release|Any CPU.ActiveCfg = Release|Any CPU
		{4870800D-CDF5-48FC-8CC6-01E93C15B780}.Release|Any CPU.Build.0 = Release|Any CPU
		{1B734F34-7537-4C41-A4B7-B767FBBAAED2}.Debug|Any CPU.ActiveCfg = Debug|Any CPU
		{1B734F34-7537-4C41-A4B7-B767FBBAAED2}.Debug|Any CPU.Build.0 = Debug|Any CPU
		{1B734F34-7537-4C41-A4B7-B767FBBAAED2}.Release|Any CPU.ActiveCfg = Release|Any CPU
		{1B734F34-7537-4C41-A4B7-B767FBBAAED2}.Release|Any CPU.Build.0 = Release|Any CPU
		{B13823F1-8D01-4DC3-97A3-238B9E972168}.Debug|Any CPU.ActiveCfg = Debug|Any CPU
		{B13823F1-8D01-4DC3-97A3-238B9E972168}.Debug|Any CPU.Build.0 = Debug|Any CPU
		{B13823F1-8D01-4DC3-97A3-238B9E972168}.Release|Any CPU.ActiveCfg = Release|Any CPU
		{B13823F1-8D01-4DC3-97A3-238B9E972168}.Release|Any CPU.Build.0 = Release|Any CPU
		{652EDCFE-43C6-427B-90F2-E87965851A4B}.Debug|Any CPU.ActiveCfg = Debug|Any CPU
		{652EDCFE-43C6-427B-90F2-E87965851A4B}.Debug|Any CPU.Build.0 = Debug|Any CPU
		{652EDCFE-43C6-427B-90F2-E87965851A4B}.Release|Any CPU.ActiveCfg = Release|Any CPU
		{652EDCFE-43C6-427B-90F2-E87965851A4B}.Release|Any CPU.Build.0 = Release|Any CPU
		{3C85F5C9-670D-4568-9A5A-B8FDE98F8A75}.Debug|Any CPU.ActiveCfg = Debug|Any CPU
		{3C85F5C9-670D-4568-9A5A-B8FDE98F8A75}.Debug|Any CPU.Build.0 = Debug|Any CPU
		{3C85F5C9-670D-4568-9A5A-B8FDE98F8A75}.Release|Any CPU.ActiveCfg = Release|Any CPU
		{3C85F5C9-670D-4568-9A5A-B8FDE98F8A75}.Release|Any CPU.Build.0 = Release|Any CPU
		{AA5E2FA0-52F9-4525-A83B-05C0F06BE9BB}.Debug|Any CPU.ActiveCfg = Debug|Any CPU
		{AA5E2FA0-52F9-4525-A83B-05C0F06BE9BB}.Debug|Any CPU.Build.0 = Debug|Any CPU
		{AA5E2FA0-52F9-4525-A83B-05C0F06BE9BB}.Release|Any CPU.ActiveCfg = Release|Any CPU
		{AA5E2FA0-52F9-4525-A83B-05C0F06BE9BB}.Release|Any CPU.Build.0 = Release|Any CPU
		{D23C47C0-09E5-4FC3-AEB9-78D7A351EDFE}.Debug|Any CPU.ActiveCfg = Debug|Any CPU
		{D23C47C0-09E5-4FC3-AEB9-78D7A351EDFE}.Debug|Any CPU.Build.0 = Debug|Any CPU
		{D23C47C0-09E5-4FC3-AEB9-78D7A351EDFE}.Release|Any CPU.ActiveCfg = Release|Any CPU
		{D23C47C0-09E5-4FC3-AEB9-78D7A351EDFE}.Release|Any CPU.Build.0 = Release|Any CPU
	EndGlobalSection
	GlobalSection(SolutionProperties) = preSolution
		HideSolutionNode = FALSE
	EndGlobalSection
	GlobalSection(ExtensibilityGlobals) = postSolution
		SolutionGuid = {47168B89-0A3E-4DFB-A061-966F987DE6CB}
	EndGlobalSection
EndGlobal
